{
  "name": "js-fundamentals",
  "version": "1.0.0",
  "lockfileVersion": 3,
  "requires": true,
  "packages": {
    "": {
      "name": "js-fundamentals",
      "version": "1.0.0",
      "license": "ISC",
      "dependencies": {
        "lesson1": "^0.0.2"
      },
      "devDependencies": {}
    },
    "node_modules/lesson1": {
      "version": "0.0.2",
      "resolved": "https://registry.npmjs.org/lesson1/-/lesson1-0.0.2.tgz",
      "integrity": "sha512-3W48gmAsYA9mxoo0W8ZttX9Kwuz8VvqkEZLdBXHq6K2ZIp6orv84Xcfxk81Fa5bgijqZk0jIhMN/fedtvwd4KA==",
      "license": "ISC"
    }
  }
}
